
Microsoft Visual Studio Solution File, Format Version 12.00
# Visual Studio Version 16
VisualStudioVersion = 16.0.29306.81
MinimumVisualStudioVersion = 10.0.40219.1
Project("{FAE04EC0-301F-11D3-BF4B-00C04F79EFBC}") = "MinValueLanaZE", "MinValueLanaZE\MinValueLanaZE.csproj", "{C20C1171-3A6D-4550-9693-7028B9481BA2}"
EndProject
Global
	GlobalSection(SolutionConfigurationPlatforms) = preSolution
		Debug|Any CPU = Debug|Any CPU
		Release|Any CPU = Release|Any CPU
	EndGlobalSection
	GlobalSection(ProjectConfigurationPlatforms) = postSolution
		{C20C1171-3A6D-4550-9693-7028B9481BA2}.Debug|Any CPU.ActiveCfg = Debug|Any CPU
		{C20C1171-3A6D-4550-9693-7028B9481BA2}.Debug|Any CPU.Build.0 = Debug|Any CPU
		{C20C1171-3A6D-4550-9693-7028B9481BA2}.Release|Any CPU.ActiveCfg = Release|Any CPU
		{C20C1171-3A6D-4550-9693-7028B9481BA2}.Release|Any CPU.Build.0 = Release|Any CPU
	EndGlobalSection
	GlobalSection(SolutionProperties) = preSolution
		HideSolutionNode = FALSE
	EndGlobalSection
	GlobalSection(ExtensibilityGlobals) = postSolution
		SolutionGuid = {36FA7D00-581A-4DCC-B994-5629DFAF17D8}
	EndGlobalSection
EndGlobal
